// !$*UTF8*$!
{
	archiveVersion = 1;
	classes = {
	};
	objectVersion = 50;
	objects = {

/* Begin PBXBuildFile section */
		D5054ECA23736E2D006C9956 /* AppDelegate.swift in Sources */ = {isa = PBXBuildFile; fileRef = D5054EC923736E2D006C9956 /* AppDelegate.swift */; };
		D5054ECC23736E2D006C9956 /* SceneDelegate.swift in Sources */ = {isa = PBXBuildFile; fileRef = D5054ECB23736E2D006C9956 /* SceneDelegate.swift */; };
		D5054ECE23736E2D006C9956 /* ContentView.swift in Sources */ = {isa = PBXBuildFile; fileRef = D5054ECD23736E2D006C9956 /* ContentView.swift */; };
		D5054ED023736E2E006C9956 /* Assets.xcassets in Resources */ = {isa = PBXBuildFile; fileRef = D5054ECF23736E2E006C9956 /* Assets.xcassets */; };
		D5054ED323736E2E006C9956 /* Preview Assets.xcassets in Resources */ = {isa = PBXBuildFile; fileRef = D5054ED223736E2E006C9956 /* Preview Assets.xcassets */; };
		D5054ED623736E2E006C9956 /* LaunchScreen.storyboard in Resources */ = {isa = PBXBuildFile; fileRef = D5054ED423736E2E006C9956 /* LaunchScreen.storyboard */; };
/* End PBXBuildFile section */

/* Begin PBXFileReference section */
		D5054EC623736E2D006C9956 /* Project 1 SUI.app */ = {isa = PBXFileReference; explicitFileType = wrapper.application; includeInIndex = 0; path = "Project 1 SUI.app"; sourceTree = BUILT_PRODUCTS_DIR; };
		D5054EC923736E2D006C9956 /* AppDelegate.swift */ = {isa = PBXFileReference; lastKnownFileType = sourcecode.swift; path = AppDelegate.swift; sourceTree = "<group>"; };
		D5054ECB23736E2D006C9956 /* SceneDelegate.swift */ = {isa = PBXFileReference; lastKnownFileType = sourcecode.swift; path = SceneDelegate.swift; sourceTree = "<group>"; };
		D5054ECD23736E2D006C9956 /* ContentView.swift */ = {isa = PBXFileReference; lastKnownFileType = sourcecode.swift; path = ContentView.swift; sourceTree = "<group>"; };
		D5054ECF23736E2E006C9956 /* Assets.xcassets */ = {isa = PBXFileReference; lastKnownFileType = folder.assetcatalog; path = Assets.xcassets; sourceTree = "<group>"; };
		D5054ED223736E2E006C9956 /* Preview Assets.xcassets */ = {isa = PBXFileReference; lastKnownFileType = folder.assetcatalog; path = "Preview Assets.xcassets"; sourceTree = "<group>"; };
		D5054ED523736E2E006C9956 /* Base */ = {isa = PBXFileReference; lastKnownFileType = file.storyboard; name = Base; path = Base.lproj/LaunchScreen.storyboard; sourceTree = "<group>"; };
		D5054ED723736E2E006C9956 /* Info.plist */ = {isa = PBXFileReference; lastKnownFileType = text.plist.xml; path = Info.plist; sourceTree = "<group>"; };
/* End PBXFileReference section */

/* Begin PBXFrameworksBuildPhase section */
		D5054EC323736E2D006C9956 /* Frameworks */ = {
			isa = PBXFrameworksBuildPhase;
			buildActionMask = 2147483647;
			files = (
			);
			runOnlyForDeploymentPostprocessing = 0;
		};
/* End PBXFrameworksBuildPhase section */

/* Begin PBXGroup section */
		D5054EBD23736E2D006C9956 = {
			isa = PBXGroup;
			children = (
				D5054EC823736E2D006C9956 /* Project 1 SUI */,
				D5054EC723736E2D006C9956 /* Products */,
			);
			sourceTree = "<group>";
		};
		D5054EC723736E2D006C9956 /* Products */ = {
			isa = PBXGroup;
			children = (
				D5054EC623736E2D006C9956 /* Project 1 SUI.app */,
			);
			name = Products;
			sourceTree = "<group>";
		};
		D5054EC823736E2D006C9956 /* Project 1 SUI */ = {
			isa = PBXGroup;
			children = (
				D5054EC923736E2D006C9956 /* AppDelegate.swift */,
				D5054ECB23736E2D006C9956 /* SceneDelegate.swift */,
				D5054ECD23736E2D006C9956 /* ContentView.swift */,
				D5054ECF23736E2E006C9956 /* Assets.xcassets */,
				D5054ED423736E2E006C9956 /* LaunchScreen.storyboard */,
				D5054ED723736E2E006C9956 /* Info.plist */,
				D5054ED123736E2E006C9956 /* Preview Content */,
			);
			path = "Project 1 SUI";
			sourceTree = "<group>";
		};
		D5054ED123736E2E006C9956 /* Preview Content */ = {
			isa = PBXGroup;
			children = (
				D5054ED223736E2E006C9956 /* Preview Assets.xcassets */,
			);
			path = "Preview Content";
			sourceTree = "<group>";
		};
/* End PBXGroup section */

/* Begin PBXNativeTarget section */
		D5054EC523736E2D006C9956 /* Project 1 SUI */ = {
			isa = PBXNativeTarget;
			buildConfigurationList = D5054EDA23736E2E006C9956 /* Build configuration list for PBXNativeTarget "Project 1 SUI" */;
			buildPhases = (
				D5054EC223736E2D006C9956 /* Sources */,
				D5054EC323736E2D006C9956 /* Frameworks */,
				D5054EC423736E2D006C9956 /* Resources */,
			);
			buildRules = (
			);
			dependencies = (
			);
			name = "Project 1 SUI";
			productName = "Project 1 SUI";
			productReference = D5054EC623736E2D006C9956 /* Project 1 SUI.app */;
			productType = "com.apple.product-type.application";
		};
/* End PBXNativeTarget section */

/* Begin PBXProject section */
		D5054EBE23736E2D006C9956 /* Project object */ = {
			isa = PBXProject;
			attributes = {
				LastSwiftUpdateCheck = 1120;
				LastUpgradeCheck = 1120;
				ORGANIZATIONNAME = "Zachary Confino";
				TargetAttributes = {
					D5054EC523736E2D006C9956 = {
						CreatedOnToolsVersion = 11.2;
					};
				};
			};
			buildConfigurationList = D5054EC123736E2D006C9956 /* Build configuration list for PBXProject "Project 1 SUI" */;
			compatibilityVersion = "Xcode 9.3";
			developmentRegion = en;
			hasScannedForEncodings = 0;
			knownRegions = (
				en,
				Base,
			);
			mainGroup = D5054EBD23736E2D006C9956;
			productRefGroup = D5054EC723736E2D006C9956 /* Products */;
			projectDirPath = "";
			projectRoot = "";
			targets = (
				D5054EC523736E2D006C9956 /* Project 1 SUI */,
			);
		};
/* End PBXProject section */

/* Begin PBXResourcesBuildPhase section */
		D5054EC423736E2D006C9956 /* Resources */ = {
			isa = PBXResourcesBuildPhase;
			buildActionMask = 2147483647;
			files = (
				D5054ED623736E2E006C9956 /* LaunchScreen.storyboard in Resources */,
				D5054ED323736E2E006C9956 /* Preview Assets.xcassets in Resources */,
				D5054ED023736E2E006C9956 /* Assets.xcassets in Resources */,
			);
			runOnlyForDeploymentPostprocessing = 0;
		};
/* End PBXResourcesBuildPhase section */

/* Begin PBXSourcesBuildPhase section */
		D5054EC223736E2D006C9956 /* Sources */ = {
			isa = PBXSourcesBuildPhase;
			buildActionMask = 2147483647;
			files = (
				D5054ECA23736E2D006C9956 /* AppDelegate.swift in Sources */,
				D5054ECC23736E2D006C9956 /* SceneDelegate.swift in Sources */,
				D5054ECE23736E2D006C9956 /* ContentView.swift in Sources */,
			);
			runOnlyForDeploymentPostprocessing = 0;
		};
/* End PBXSourcesBuildPhase section */

/* Begin PBXVariantGroup section */
		D5054ED423736E2E006C9956 /* LaunchScreen.storyboard */ = {
			isa = PBXVariantGroup;
			children = (
				D5054ED523736E2E006C9956 /* Base */,
			);
			name = LaunchScreen.storyboard;
			sourceTree = "<group>";
		};
/* End PBXVariantGroup section */

/* Begin XCBuildConfiguration section */
		D5054ED823736E2E006C9956 /* Debug */ = {
			isa = XCBuildConfiguration;
			buildSettings = {
				ALWAYS_SEARCH_USER_PATHS = NO;
				CLANG_ANALYZER_NONNULL = YES;
				CLANG_ANALYZER_NUMBER_OBJECT_CONVERSION = YES_AGGRESSIVE;
				CLANG_CXX_LANGUAGE_STANDARD = "gnu++14";
				CLANG_CXX_LIBRARY = "libc++";
				CLANG_ENABLE_MODULES = YES;
				CLANG_ENABLE_OBJC_ARC = YES;
				CLANG_ENABLE_OBJC_WEAK = YES;
				CLANG_WARN_BLOCK_CAPTURE_AUTORELEASING = YES;
				CLANG_WARN_BOOL_CONVERSION = YES;
				CLANG_WARN_COMMA = YES;
				CLANG_WARN_CONSTANT_CONVERSION = YES;
				CLANG_WARN_DEPRECATED_OBJC_IMPLEMENTATIONS = YES;
				CLANG_WARN_DIRECT_OBJC_ISA_USAGE = YES_ERROR;
				CLANG_WARN_DOCUMENTATION_COMMENTS = YES;
				CLANG_WARN_EMPTY_BODY = YES;
				CLANG_WARN_ENUM_CONVERSION = YES;
				CLANG_WARN_INFINITE_RECURSION = YES;
				CLANG_WARN_INT_CONVERSION = YES;
				CLANG_WARN_NON_LITERAL_NULL_CONVERSION = YES;
				CLANG_WARN_OBJC_IMPLICIT_RETAIN_SELF = YES;
				CLANG_WARN_OBJC_LITERAL_CONVERSION = YES;
				CLANG_WARN_OBJC_ROOT_CLASS = YES_ERROR;
				CLANG_WARN_RANGE_LOOP_ANALYSIS = YES;
				CLANG_WARN_STRICT_PROTOTYPES = YES;
				CLANG_WARN_SUSPICIOUS_MOVE = YES;
				CLANG_WARN_UNGUARDED_AVAILABILITY = YES_AGGRESSIVE;
				CLANG_WARN_UNREACHABLE_CODE = YES;
				CLANG_WARN__DUPLICATE_METHOD_MATCH = YES;
				COPY_PHASE_STRIP = NO;
				DEBUG_INFORMATION_FORMAT = dwarf;
				ENABLE_STRICT_OBJC_MSGSEND = YES;
				ENABLE_TESTABILITY = YES;
				GCC_C_LANGUAGE_STANDARD = gnu11;
				GCC_DYNAMIC_NO_PIC = NO;
				GCC_NO_COMMON_BLOCKS = YES;
				GCC_OPTIMIZATION_LEVEL = 0;
				GCC_PREPROCESSOR_DEFINITIONS = (
					"DEBUG=1",
					"$(inherited)",
				);
				GCC_WARN_64_TO_32_BIT_CONVERSION = YES;
				GCC_WARN_ABOUT_RETURN_TYPE = YES_ERROR;
				GCC_WARN_UNDECLARED_SELECTOR = YES;
				GCC_WARN_UNINITIALIZED_AUTOS = YES_AGGRESSIVE;
				GCC_WARN_UNUSED_FUNCTION = YES;
				GCC_WARN_UNUSED_VARIABLE = YES;
				IPHONEOS_DEPLOYMENT_TARGET = 13.2;
				MTL_ENABLE_DEBUG_INFO = INCLUDE_SOURCE;
				MTL_FAST_MATH = YES;
				ONLY_ACTIVE_ARCH = YES;
				SDKROOT = iphoneos;
				SWIFT_ACTIVE_COMPILATION_CONDITIONS = DEBUG;
				SWIFT_OPTIMIZATION_LEVEL = "-Onone";
			};
			name = Debug;
		};
		D5054ED923736E2E006C9956 /* Release */ = {
			isa = XCBuildConfiguration;
			buildSettings = {
				ALWAYS_SEARCH_USER_PATHS = NO;
				CLANG_ANALYZER_NONNULL = YES;
				CLANG_ANALYZER_NUMBER_OBJECT_CONVERSION = YES_AGGRESSIVE;
				CLANG_CXX_LANGUAGE_STANDARD = "gnu++14";
				CLANG_CXX_LIBRARY = "libc++";
				CLANG_ENABLE_MODULES = YES;
				CLANG_ENABLE_OBJC_ARC = YES;
				CLANG_ENABLE_OBJC_WEAK = YES;
				CLANG_WARN_BLOCK_CAPTURE_AUTORELEASING = YES;
				CLANG_WARN_BOOL_CONVERSION = YES;
				CLANG_WARN_COMMA = YES;
				CLANG_WARN_CONSTANT_CONVERSION = YES;
				CLANG_WARN_DEPRECATED_OBJC_IMPLEMENTATIONS = YES;
				CLANG_WARN_DIRECT_OBJC_ISA_USAGE = YES_ERROR;
				CLANG_WARN_DOCUMENTATION_COMMENTS = YES;
				CLANG_WARN_EMPTY_BODY = YES;
				CLANG_WARN_ENUM_CONVERSION = YES;
				CLANG_WARN_INFINITE_RECURSION = YES;
				CLANG_WARN_INT_CONVERSION = YES;
				CLANG_WARN_NON_LITERAL_NULL_CONVERSION = YES;
				CLANG_WARN_OBJC_IMPLICIT_RETAIN_SELF = YES;
				CLANG_WARN_OBJC_LITERAL_CONVERSION = YES;
				CLANG_WARN_OBJC_ROOT_CLASS = YES_ERROR;
				CLANG_WARN_RANGE_LOOP_ANALYSIS = YES;
				CLANG_WARN_STRICT_PROTOTYPES = YES;
				CLANG_WARN_SUSPICIOUS_MOVE = YES;
				CLANG_WARN_UNGUARDED_AVAILABILITY = YES_AGGRESSIVE;
				CLANG_WARN_UNREACHABLE_CODE = YES;
				CLANG_WARN__DUPLICATE_METHOD_MATCH = YES;
				COPY_PHASE_STRIP = NO;
				DEBUG_INFORMATION_FORMAT = "dwarf-with-dsym";
				ENABLE_NS_ASSERTIONS = NO;
				ENABLE_STRICT_OBJC_MSGSEND = YES;
				GCC_C_LANGUAGE_STANDARD = gnu11;
				GCC_NO_COMMON_BLOCKS = YES;
				GCC_WARN_64_TO_32_BIT_CONVERSION = YES;
				GCC_WARN_ABOUT_RETURN_TYPE = YES_ERROR;
				GCC_WARN_UNDECLARED_SELECTOR = YES;
				GCC_WARN_UNINITIALIZED_AUTOS = YES_AGGRESSIVE;
				GCC_WARN_UNUSED_FUNCTION = YES;
				GCC_WARN_UNUSED_VARIABLE = YES;
				IPHONEOS_DEPLOYMENT_TARGET = 13.2;
				MTL_ENABLE_DEBUG_INFO = NO;
				MTL_FAST_MATH = YES;
				SDKROOT = iphoneos;
				SWIFT_COMPILATION_MODE = wholemodule;
				SWIFT_OPTIMIZATION_LEVEL = "-O";
				VALIDATE_PRODUCT = YES;
			};
			name = Release;
		};
		D5054EDB23736E2E006C9956 /* Debug */ = {
			isa = XCBuildConfiguration;
			buildSettings = {
				ASSETCATALOG_COMPILER_APPICON_NAME = AppIcon;
				CODE_SIGN_STYLE = Automatic;
				DEVELOPMENT_ASSET_PATHS = "\"Project 1 SUI/Preview Content\"";
				DEVELOPMENT_TEAM = TQAEM5HNPM;
				ENABLE_PREVIEWS = YES;
				INFOPLIST_FILE = "Project 1 SUI/Info.plist";
				LD_RUNPATH_SEARCH_PATHS = (
					"$(inherited)",
					"@executable_path/Frameworks",
				);
				PRODUCT_BUNDLE_IDENTIFIER = "com.wingflx.Project-1-SUI";
				PRODUCT_NAME = "$(TARGET_NAME)";
				SWIFT_VERSION = 5.0;
				TARGETED_DEVICE_FAMILY = "1,2";
			};
			name = Debug;
		};
		D5054EDC23736E2E006C9956 /* Release */ = {
			isa = XCBuildConfiguration;
			buildSettings = {
				ASSETCATALOG_COMPILER_APPICON_NAME = AppIcon;
				CODE_SIGN_STYLE = Automatic;
				DEVELOPMENT_ASSET_PATHS = "\"Project 1 SUI/Preview Content\"";
				DEVELOPMENT_TEAM = TQAEM5HNPM;
				ENABLE_PREVIEWS = YES;
				INFOPLIST_FILE = "Project 1 SUI/Info.plist";
				LD_RUNPATH_SEARCH_PATHS = (
					"$(inherited)",
					"@executable_path/Frameworks",
				);
				PRODUCT_BUNDLE_IDENTIFIER = "com.wingflx.Project-1-SUI";
				PRODUCT_NAME = "$(TARGET_NAME)";
				SWIFT_VERSION = 5.0;
				TARGETED_DEVICE_FAMILY = "1,2";
			};
			name = Release;
		};
/* End XCBuildConfiguration section */

/* Begin XCConfigurationList section */
		D5054EC123736E2D006C9956 /* Build configuration list for PBXProject "Project 1 SUI" */ = {
			isa = XCConfigurationList;
			buildConfigurations = (
				D5054ED823736E2E006C9956 /* Debug */,
				D5054ED923736E2E006C9956 /* Release */,
			);
			defaultConfigurationIsVisible = 0;
			defaultConfigurationName = Release;
		};
		D5054EDA23736E2E006C9956 /* Build configuration list for PBXNativeTarget "Project 1 SUI" */ = {
			isa = XCConfigurationList;
			buildConfigurations = (
				D5054EDB23736E2E006C9956 /* Debug */,
				D5054EDC23736E2E006C9956 /* Release */,
			);
			defaultConfigurationIsVisible = 0;
			defaultConfigurationName = Release;
		};
/* End XCConfigurationList section */
	};
	rootObject = D5054EBE23736E2D006C9956 /* Project object */;
}
